
Microsoft Visual Studio Solution File, Format Version 12.00
# Visual Studio Version 17
VisualStudioVersion = 17.8.34525.116
MinimumVisualStudioVersion = 10.0.40219.1
Project("{FAE04EC0-301F-11D3-BF4B-00C04F79EFBC}") = "Komutbise", "Komutbise\Komutbise.csproj", "{5C861FF0-ECA2-418D-96DF-5807E8D5A5ED}"
EndProject
Global
	GlobalSection(SolutionConfigurationPlatforms) = preSolution
		Debug|Any CPU = Debug|Any CPU
		Release|Any CPU = Release|Any CPU
	EndGlobalSection
	GlobalSection(ProjectConfigurationPlatforms) = postSolution
		{5C861FF0-ECA2-418D-96DF-5807E8D5A5ED}.Debug|Any CPU.ActiveCfg = Debug|Any CPU
		{5C861FF0-ECA2-418D-96DF-5807E8D5A5ED}.Debug|Any CPU.Build.0 = Debug|Any CPU
		{5C861FF0-ECA2-418D-96DF-5807E8D5A5ED}.Release|Any CPU.ActiveCfg = Release|Any CPU
		{5C861FF0-ECA2-418D-96DF-5807E8D5A5ED}.Release|Any CPU.Build.0 = Release|Any CPU
	EndGlobalSection
	GlobalSection(SolutionProperties) = preSolution
		HideSolutionNode = FALSE
	EndGlobalSection
	GlobalSection(ExtensibilityGlobals) = postSolution
		SolutionGuid = {BA1ABA3D-75B6-4914-AE8E-376A94B42D9E}
	EndGlobalSection
EndGlobal
